
Microsoft Visual Studio Solution File, Format Version 12.00
# Visual Studio Version 17
VisualStudioVersion = 17.11.35219.272
MinimumVisualStudioVersion = 10.0.40219.1
Project("{FAE04EC0-301F-11D3-BF4B-00C04F79EFBC}") = "LearnLink_Backend", "LearnLink_Backend\LearnLink_Backend.csproj", "{F21C12A3-0FBB-4543-8A89-A08B58F7941F}"
EndProject
Global
	GlobalSection(SolutionConfigurationPlatforms) = preSolution
		Debug|Any CPU = Debug|Any CPU
		Release|Any CPU = Release|Any CPU
	EndGlobalSection
	GlobalSection(ProjectConfigurationPlatforms) = postSolution
		{F21C12A3-0FBB-4543-8A89-A08B58F7941F}.Debug|Any CPU.ActiveCfg = Debug|Any CPU
		{F21C12A3-0FBB-4543-8A89-A08B58F7941F}.Debug|Any CPU.Build.0 = Debug|Any CPU
		{F21C12A3-0FBB-4543-8A89-A08B58F7941F}.Release|Any CPU.ActiveCfg = Release|Any CPU
		{F21C12A3-0FBB-4543-8A89-A08B58F7941F}.Release|Any CPU.Build.0 = Release|Any CPU
	EndGlobalSection
	GlobalSection(SolutionProperties) = preSolution
		HideSolutionNode = FALSE
	EndGlobalSection
	GlobalSection(ExtensibilityGlobals) = postSolution
		SolutionGuid = {A93F1005-521E-4E6F-8096-9E003D9954B1}
	EndGlobalSection
EndGlobal
